
Microsoft Visual Studio Solution File, Format Version 12.00
# Visual Studio Version 16
VisualStudioVersion = 16.0.31424.327
MinimumVisualStudioVersion = 10.0.40219.1
Project("{FAE04EC0-301F-11D3-BF4B-00C04F79EFBC}") = "ToolsRent", "ToolsRent\ToolsRent.csproj", "{F19ADE25-070E-4C70-B905-FB46512C6035}"
EndProject
Global
	GlobalSection(SolutionConfigurationPlatforms) = preSolution
		Debug|Any CPU = Debug|Any CPU
		Release|Any CPU = Release|Any CPU
	EndGlobalSection
	GlobalSection(ProjectConfigurationPlatforms) = postSolution
		{F19ADE25-070E-4C70-B905-FB46512C6035}.Debug|Any CPU.ActiveCfg = Debug|Any CPU
		{F19ADE25-070E-4C70-B905-FB46512C6035}.Debug|Any CPU.Build.0 = Debug|Any CPU
		{F19ADE25-070E-4C70-B905-FB46512C6035}.Release|Any CPU.ActiveCfg = Release|Any CPU
		{F19ADE25-070E-4C70-B905-FB46512C6035}.Release|Any CPU.Build.0 = Release|Any CPU
	EndGlobalSection
	GlobalSection(SolutionProperties) = preSolution
		HideSolutionNode = FALSE
	EndGlobalSection
	GlobalSection(ExtensibilityGlobals) = postSolution
		SolutionGuid = {3B9DE26B-9C2B-46CF-9277-A75F942A892C}
	EndGlobalSection
EndGlobal
